
Microsoft Visual Studio Solution File, Format Version 12.00
# Visual Studio Version 16
VisualStudioVersion = 16.0.30907.101
MinimumVisualStudioVersion = 10.0.40219.1
Project("{FAE04EC0-301F-11D3-BF4B-00C04F79EFBC}") = "AvalExt", "AvalExt.csproj", "{28676DBB-1B04-47AA-BD0A-44989D3413FF}"
EndProject
Global
	GlobalSection(SolutionConfigurationPlatforms) = preSolution
		Debug|Any CPU = Debug|Any CPU
		Release|Any CPU = Release|Any CPU
	EndGlobalSection
	GlobalSection(ProjectConfigurationPlatforms) = postSolution
		{28676DBB-1B04-47AA-BD0A-44989D3413FF}.Debug|Any CPU.ActiveCfg = Debug|Any CPU
		{28676DBB-1B04-47AA-BD0A-44989D3413FF}.Debug|Any CPU.Build.0 = Debug|Any CPU
		{28676DBB-1B04-47AA-BD0A-44989D3413FF}.Release|Any CPU.ActiveCfg = Release|Any CPU
		{28676DBB-1B04-47AA-BD0A-44989D3413FF}.Release|Any CPU.Build.0 = Release|Any CPU
	EndGlobalSection
	GlobalSection(SolutionProperties) = preSolution
		HideSolutionNode = FALSE
	EndGlobalSection
	GlobalSection(ExtensibilityGlobals) = postSolution
		SolutionGuid = {F9B9A443-2225-4C87-AF26-D4BDE2D936FD}
	EndGlobalSection
EndGlobal
